{
  "name": "cmdlai",
  "version": "1.0.0",
  "lockfileVersion": 3,
  "requires": true,
  "packages": {
    "": {
      "name": "cmdlai",
      "version": "1.0.0",
      "license": "MIT",
      "dependencies": {
        "clcolors": "^1.0.3",
        "clprompt": "^1.0.0",
        "clstyles": "^1.0.6"
      },
      "bin": {
        "cmdlai": "src/cli.js"
      }
    },
    "node_modules/clcolors": {
      "version": "1.0.6",
      "resolved": "https://registry.npmjs.org/clcolors/-/clcolors-1.0.6.tgz",
      "integrity": "sha512-5LRZK7BbSQcy62Ls6iBC3AePQt2FEDZjsc7/lRZH9DtgQ0wtWoafh7obLJN9AgsAGceWcj/GeJaN1unKe6V7Pg=="
    },
    "node_modules/clprompt": {
      "version": "1.0.1",
      "resolved": "https://registry.npmjs.org/clprompt/-/clprompt-1.0.1.tgz",
      "integrity": "sha512-My2yDM2/F63Qm4oUOwuFzsglvAviopZF5ia6skwtSDaxHMUFFLtkBtfObIZKOdN7PbC+PCJ7dADU2cuN1b3/8w=="
    },
    "node_modules/clstyles": {
      "version": "1.0.6",
      "resolved": "https://registry.npmjs.org/clstyles/-/clstyles-1.0.6.tgz",
      "integrity": "sha512-LgWC+ulXfSv0v8I57+6axYerb6DoNkkm9s+8g45a5K50buA9iRr/23Ae2Kj4RchbuIZAtYR700O3X1xPSMuUdg==",
      "hasInstallScript": true
    }
  }
}
